[[package]]
name = "black"
version = "22.1.0"
description = "The uncompromising code formatter."
category = "dev"
optional = false
python-versions = ">=3.6.2"

[package.dependencies]
click = ">=8.0.0"
mypy-extensions = ">=0.4.3"
pathspec = ">=0.9.0"
platformdirs = ">=2"
tomli = ">=1.1.0"

[package.extras]
colorama = ["colorama (>=0.4.3)"]
d = ["aiohttp (>=3.7.4)"]
jupyter = ["ipython (>=7.8.0)", "tokenize-rt (>=3.2.0)"]
uvloop = ["uvloop (>=0.15.2)"]

[[package]]
name = "cffi"
version = "1.15.0"
description = "Foreign Function Interface for Python calling C code."
category = "main"
optional = false
python-versions = "*"

[package.dependencies]
pycparser = "*"

[[package]]
name = "click"
version = "8.0.3"
description = "Composable command line interface toolkit"
category = "dev"
optional = false
python-versions = ">=3.6"

[package.dependencies]
colorama = {version = "*", markers = "platform_system == \"Windows\""}

[[package]]
name = "cmarkgfm"
version = "0.7.0"
description = "Minimal bindings to GitHub's fork of cmark"
category = "main"
optional = false
python-versions = "*"

[package.dependencies]
cffi = ">=1.15.0"

[[package]]
name = "colorama"
version = "0.4.4"
description = "Cross-platform colored terminal text."
category = "dev"
optional = false
python-versions = ">=2.7, !=3.0.*, !=3.1.*, !=3.2.*, !=3.3.*, !=3.4.*"

[[package]]
name = "lxml"
version = "4.7.1"
description = "Powerful and Pythonic XML processing library combining libxml2/libxslt with the ElementTree API."
category = "main"
optional = false
python-versions = ">=2.7, !=3.0.*, !=3.1.*, !=3.2.*, !=3.3.*, != 3.4.*"

[package.extras]
cssselect = ["cssselect (>=0.7)"]
html5 = ["html5lib"]
htmlsoup = ["beautifulsoup4"]
source = ["Cython (>=0.29.7)"]

[[package]]
name = "mypy-extensions"
version = "0.4.3"
description = "Experimental type system extensions for programs checked with the mypy typechecker."
category = "dev"
optional = false
python-versions = "*"

[[package]]
name = "pathspec"
version = "0.9.0"
description = "Utility library for gitignore style pattern matching of file paths."
category = "dev"
optional = false
python-versions = "!=3.0.*,!=3.1.*,!=3.2.*,!=3.3.*,!=3.4.*,>=2.7"

[[package]]
name = "platformdirs"
version = "2.4.1"
description = "A small Python module for determining appropriate platform-specific dirs, e.g. a \"user data dir\"."
category = "dev"
optional = false
python-versions = ">=3.7"

[package.extras]
docs = ["Sphinx (>=4)", "furo (>=2021.7.5b38)", "proselint (>=0.10.2)", "sphinx-autodoc-typehints (>=1.12)"]
test = ["appdirs (==1.4.4)", "pytest (>=6)", "pytest-cov (>=2.7)", "pytest-mock (>=3.6)"]

[[package]]
name = "pycparser"
version = "2.21"
description = "C parser in Python"
category = "main"
optional = false
python-versions = ">=2.7, !=3.0.*, !=3.1.*, !=3.2.*, !=3.3.*"

[[package]]
name = "tomli"
version = "2.0.0"
description = "A lil' TOML parser"
category = "dev"
optional = false
python-versions = ">=3.7"

[[package]]
name = "unicodedata2"
version = "14.0.0"
description = "Unicodedata backport updated to the latest Unicode version."
category = "main"
optional = false
python-versions = "*"

[package.extras]
testing = ["pytest", "coverage", "pytest-xdist", "pytest-randomly"]

[metadata]
lock-version = "1.1"
python-versions = "^3.10"
content-hash = "455975eb81d6817acf1b33c84ca134afbc22015bab502d752bdfe9ca769bd238"

[metadata.files]
black = [
    {file = "black-22.1.0-cp310-cp310-macosx_10_9_universal2.whl", hash = "sha256:1297c63b9e1b96a3d0da2d85d11cd9bf8664251fd69ddac068b98dc4f34f73b6"},
    {file = "black-22.1.0-cp310-cp310-macosx_10_9_x86_64.whl", hash = "sha256:2ff96450d3ad9ea499fc4c60e425a1439c2120cbbc1ab959ff20f7c76ec7e866"},
    {file = "black-22.1.0-cp310-cp310-macosx_11_0_arm64.whl", hash = "sha256:0e21e1f1efa65a50e3960edd068b6ae6d64ad6235bd8bfea116a03b21836af71"},
    {file = "black-22.1.0-cp310-cp310-manylinux_2_17_x86_64.manylinux2014_x86_64.whl", hash = "sha256:e2f69158a7d120fd641d1fa9a921d898e20d52e44a74a6fbbcc570a62a6bc8ab"},
    {file = "black-22.1.0-cp310-cp310-win_amd64.whl", hash = "sha256:228b5ae2c8e3d6227e4bde5920d2fc66cc3400fde7bcc74f480cb07ef0b570d5"},
    {file = "black-22.1.0-cp36-cp36m-macosx_10_9_x86_64.whl", hash = "sha256:b1a5ed73ab4c482208d20434f700d514f66ffe2840f63a6252ecc43a9bc77e8a"},
    {file = "black-22.1.0-cp36-cp36m-manylinux_2_17_x86_64.manylinux2014_x86_64.whl", hash = "sha256:35944b7100af4a985abfcaa860b06af15590deb1f392f06c8683b4381e8eeaf0"},
    {file = "black-22.1.0-cp36-cp36m-win_amd64.whl", hash = "sha256:7835fee5238fc0a0baf6c9268fb816b5f5cd9b8793423a75e8cd663c48d073ba"},
    {file = "black-22.1.0-cp37-cp37m-macosx_10_9_x86_64.whl", hash = "sha256:dae63f2dbf82882fa3b2a3c49c32bffe144970a573cd68d247af6560fc493ae1"},
    {file = "black-22.1.0-cp37-cp37m-manylinux_2_17_x86_64.manylinux2014_x86_64.whl", hash = "sha256:5fa1db02410b1924b6749c245ab38d30621564e658297484952f3d8a39fce7e8"},
    {file = "black-22.1.0-cp37-cp37m-win_amd64.whl", hash = "sha256:c8226f50b8c34a14608b848dc23a46e5d08397d009446353dad45e04af0c8e28"},
    {file = "black-22.1.0-cp38-cp38-macosx_10_9_universal2.whl", hash = "sha256:2d6f331c02f0f40aa51a22e479c8209d37fcd520c77721c034517d44eecf5912"},
    {file = "black-22.1.0-cp38-cp38-macosx_10_9_x86_64.whl", hash = "sha256:742ce9af3086e5bd07e58c8feb09dbb2b047b7f566eb5f5bc63fd455814979f3"},
    {file = "black-22.1.0-cp38-cp38-macosx_11_0_arm64.whl", hash = "sha256:fdb8754b453fb15fad3f72cd9cad3e16776f0964d67cf30ebcbf10327a3777a3"},
    {file = "black-22.1.0-cp38-cp38-manylinux_2_17_x86_64.manylinux2014_x86_64.whl", hash = "sha256:f5660feab44c2e3cb24b2419b998846cbb01c23c7fe645fee45087efa3da2d61"},
    {file = "black-22.1.0-cp38-cp38-win_amd64.whl", hash = "sha256:6f2f01381f91c1efb1451998bd65a129b3ed6f64f79663a55fe0e9b74a5f81fd"},
    {file = "black-22.1.0-cp39-cp39-macosx_10_9_universal2.whl", hash = "sha256:efbadd9b52c060a8fc3b9658744091cb33c31f830b3f074422ed27bad2b18e8f"},
    {file = "black-22.1.0-cp39-cp39-macosx_10_9_x86_64.whl", hash = "sha256:8871fcb4b447206904932b54b567923e5be802b9b19b744fdff092bd2f3118d0"},
    {file = "black-22.1.0-cp39-cp39-macosx_11_0_arm64.whl", hash = "sha256:ccad888050f5393f0d6029deea2a33e5ae371fd182a697313bdbd835d3edaf9c"},
    {file = "black-22.1.0-cp39-cp39-manylinux_2_17_x86_64.manylinux2014_x86_64.whl", hash = "sha256:07e5c049442d7ca1a2fc273c79d1aecbbf1bc858f62e8184abe1ad175c4f7cc2"},
    {file = "black-22.1.0-cp39-cp39-win_amd64.whl", hash = "sha256:373922fc66676133ddc3e754e4509196a8c392fec3f5ca4486673e685a421321"},
    {file = "black-22.1.0-py3-none-any.whl", hash = "sha256:3524739d76b6b3ed1132422bf9d82123cd1705086723bc3e235ca39fd21c667d"},
    {file = "black-22.1.0.tar.gz", hash = "sha256:a7c0192d35635f6fc1174be575cb7915e92e5dd629ee79fdaf0dcfa41a80afb5"},
]
cffi = [
    {file = "cffi-1.15.0-cp27-cp27m-macosx_10_9_x86_64.whl", hash = "sha256:c2502a1a03b6312837279c8c1bd3ebedf6c12c4228ddbad40912d671ccc8a962"},
    {file = "cffi-1.15.0-cp27-cp27m-manylinux1_i686.whl", hash = "sha256:23cfe892bd5dd8941608f93348c0737e369e51c100d03718f108bf1add7bd6d0"},
    {file = "cffi-1.15.0-cp27-cp27m-manylinux1_x86_64.whl", hash = "sha256:41d45de54cd277a7878919867c0f08b0cf817605e4eb94093e7516505d3c8d14"},
    {file = "cffi-1.15.0-cp27-cp27m-win32.whl", hash = "sha256:4a306fa632e8f0928956a41fa8e1d6243c71e7eb59ffbd165fc0b41e316b2474"},
    {file = "cffi-1.15.0-cp27-cp27m-win_amd64.whl", hash = "sha256:e7022a66d9b55e93e1a845d8c9eba2a1bebd4966cd8bfc25d9cd07d515b33fa6"},
    {file = "cffi-1.15.0-cp27-cp27mu-manylinux1_i686.whl", hash = "sha256:14cd121ea63ecdae71efa69c15c5543a4b5fbcd0bbe2aad864baca0063cecf27"},
    {file = "cffi-1.15.0-cp27-cp27mu-manylinux1_x86_64.whl", hash = "sha256:d4d692a89c5cf08a8557fdeb329b82e7bf609aadfaed6c0d79f5a449a3c7c023"},
    {file = "cffi-1.15.0-cp310-cp310-macosx_10_9_x86_64.whl", hash = "sha256:0104fb5ae2391d46a4cb082abdd5c69ea4eab79d8d44eaaf79f1b1fd806ee4c2"},
    {file = "cffi-1.15.0-cp310-cp310-macosx_11_0_arm64.whl", hash = "sha256:91ec59c33514b7c7559a6acda53bbfe1b283949c34fe7440bcf917f96ac0723e"},
    {file = "cffi-1.15.0-cp310-cp310-manylinux_2_12_i686.manylinux2010_i686.whl", hash = "sha256:f5c7150ad32ba43a07c4479f40241756145a1f03b43480e058cfd862bf5041c7"},
    {file = "cffi-1.15.0-cp310-cp310-manylinux_2_12_x86_64.manylinux2010_x86_64.whl", hash = "sha256:00c878c90cb53ccfaae6b8bc18ad05d2036553e6d9d1d9dbcf323bbe83854ca3"},
    {file = "cffi-1.15.0-cp310-cp310-manylinux_2_17_aarch64.manylinux2014_aarch64.whl", hash = "sha256:abb9a20a72ac4e0fdb50dae135ba5e77880518e742077ced47eb1499e29a443c"},
    {file = "cffi-1.15.0-cp310-cp310-manylinux_2_17_ppc64le.manylinux2014_ppc64le.whl", hash = "sha256:a5263e363c27b653a90078143adb3d076c1a748ec9ecc78ea2fb916f9b861962"},
    {file = "cffi-1.15.0-cp310-cp310-manylinux_2_17_s390x.manylinux2014_s390x.whl", hash = "sha256:f54a64f8b0c8ff0b64d18aa76675262e1700f3995182267998c31ae974fbc382"},
    {file = "cffi-1.15.0-cp310-cp310-win32.whl", hash = "sha256:c21c9e3896c23007803a875460fb786118f0cdd4434359577ea25eb556e34c55"},
    {file = "cffi-1.15.0-cp310-cp310-win_amd64.whl", hash = "sha256:5e069f72d497312b24fcc02073d70cb989045d1c91cbd53979366077959933e0"},
    {file = "cffi-1.15.0-cp36-cp36m-macosx_10_9_x86_64.whl", hash = "sha256:64d4ec9f448dfe041705426000cc13e34e6e5bb13736e9fd62e34a0b0c41566e"},
    {file = "cffi-1.15.0-cp36-cp36m-manylinux_2_17_aarch64.manylinux2014_aarch64.whl", hash = "sha256:2756c88cbb94231c7a147402476be2c4df2f6078099a6f4a480d239a8817ae39"},
    {file = "cffi-1.15.0-cp36-cp36m-manylinux_2_17_ppc64le.manylinux2014_ppc64le.whl", hash = "sha256:3b96a311ac60a3f6be21d2572e46ce67f09abcf4d09344c49274eb9e0bf345fc"},
    {file = "cffi-1.15.0-cp36-cp36m-manylinux_2_17_s390x.manylinux2014_s390x.whl", hash = "sha256:75e4024375654472cc27e91cbe9eaa08567f7fbdf822638be2814ce059f58032"},
    {file = "cffi-1.15.0-cp36-cp36m-manylinux_2_5_i686.manylinux1_i686.whl", hash = "sha256:59888172256cac5629e60e72e86598027aca6bf01fa2465bdb676d37636573e8"},
    {file = "cffi-1.15.0-cp36-cp36m-manylinux_2_5_x86_64.manylinux1_x86_64.whl", hash = "sha256:27c219baf94952ae9d50ec19651a687b826792055353d07648a5695413e0c605"},
    {file = "cffi-1.15.0-cp36-cp36m-win32.whl", hash = "sha256:4958391dbd6249d7ad855b9ca88fae690783a6be9e86df65865058ed81fc860e"},
    {file = "cffi-1.15.0-cp36-cp36m-win_amd64.whl", hash = "sha256:f6f824dc3bce0edab5f427efcfb1d63ee75b6fcb7282900ccaf925be84efb0fc"},
    {file = "cffi-1.15.0-cp37-cp37m-macosx_10_9_x86_64.whl", hash = "sha256:06c48159c1abed75c2e721b1715c379fa3200c7784271b3c46df01383b593636"},
    {file = "cffi-1.15.0-cp37-cp37m-manylinux_2_12_i686.manylinux2010_i686.whl", hash = "sha256:c2051981a968d7de9dd2d7b87bcb9c939c74a34626a6e2f8181455dd49ed69e4"},
    {file = "cffi-1.15.0-cp37-cp37m-manylinux_2_12_x86_64.manylinux2010_x86_64.whl", hash = "sha256:fd8a250edc26254fe5b33be00402e6d287f562b6a5b2152dec302fa15bb3e997"},
    {file = "cffi-1.15.0-cp37-cp37m-manylinux_2_17_aarch64.manylinux2014_aarch64.whl", hash = "sha256:91d77d2a782be4274da750752bb1650a97bfd8f291022b379bb8e01c66b4e96b"},
    {file = "cffi-1.15.0-cp37-cp37m-manylinux_2_17_ppc64le.manylinux2014_ppc64le.whl", hash = "sha256:45db3a33139e9c8f7c09234b5784a5e33d31fd6907800b316decad50af323ff2"},
    {file = "cffi-1.15.0-cp37-cp37m-manylinux_2_17_s390x.manylinux2014_s390x.whl", hash = "sha256:263cc3d821c4ab2213cbe8cd8b355a7f72a8324577dc865ef98487c1aeee2bc7"},
    {file = "cffi-1.15.0-cp37-cp37m-win32.whl", hash = "sha256:17771976e82e9f94976180f76468546834d22a7cc404b17c22df2a2c81db0c66"},
    {file = "cffi-1.15.0-cp37-cp37m-win_amd64.whl", hash = "sha256:3415c89f9204ee60cd09b235810be700e993e343a408693e80ce7f6a40108029"},
    {file = "cffi-1.15.0-cp38-cp38-macosx_10_9_x86_64.whl", hash = "sha256:4238e6dab5d6a8ba812de994bbb0a79bddbdf80994e4ce802b6f6f3142fcc880"},
    {file = "cffi-1.15.0-cp38-cp38-manylinux_2_12_i686.manylinux2010_i686.whl", hash = "sha256:0808014eb713677ec1292301ea4c81ad277b6cdf2fdd90fd540af98c0b101d20"},
    {file = "cffi-1.15.0-cp38-cp38-manylinux_2_12_x86_64.manylinux2010_x86_64.whl", hash = "sha256:57e9ac9ccc3101fac9d6014fba037473e4358ef4e89f8e181f8951a2c0162024"},
    {file = "cffi-1.15.0-cp38-cp38-manylinux_2_17_aarch64.manylinux2014_aarch64.whl", hash = "sha256:8b6c2ea03845c9f501ed1313e78de148cd3f6cad741a75d43a29b43da27f2e1e"},
    {file = "cffi-1.15.0-cp38-cp38-manylinux_2_17_ppc64le.manylinux2014_ppc64le.whl", hash = "sha256:10dffb601ccfb65262a27233ac273d552ddc4d8ae1bf93b21c94b8511bffe728"},
    {file = "cffi-1.15.0-cp38-cp38-manylinux_2_17_s390x.manylinux2014_s390x.whl", hash = "sha256:786902fb9ba7433aae840e0ed609f45c7bcd4e225ebb9c753aa39725bb3e6ad6"},
    {file = "cffi-1.15.0-cp38-cp38-win32.whl", hash = "sha256:da5db4e883f1ce37f55c667e5c0de439df76ac4cb55964655906306918e7363c"},
    {file = "cffi-1.15.0-cp38-cp38-win_amd64.whl", hash = "sha256:181dee03b1170ff1969489acf1c26533710231c58f95534e3edac87fff06c443"},
    {file = "cffi-1.15.0-cp39-cp39-macosx_10_9_x86_64.whl", hash = "sha256:45e8636704eacc432a206ac7345a5d3d2c62d95a507ec70d62f23cd91770482a"},
    {file = "cffi-1.15.0-cp39-cp39-macosx_11_0_arm64.whl", hash = "sha256:31fb708d9d7c3f49a60f04cf5b119aeefe5644daba1cd2a0fe389b674fd1de37"},
    {file = "cffi-1.15.0-cp39-cp39-manylinux_2_12_i686.manylinux2010_i686.whl", hash = "sha256:6dc2737a3674b3e344847c8686cf29e500584ccad76204efea14f451d4cc669a"},
    {file = "cffi-1.15.0-cp39-cp39-manylinux_2_12_x86_64.manylinux2010_x86_64.whl", hash = "sha256:74fdfdbfdc48d3f47148976f49fab3251e550a8720bebc99bf1483f5bfb5db3e"},
    {file = "cffi-1.15.0-cp39-cp39-manylinux_2_17_aarch64.manylinux2014_aarch64.whl", hash = "sha256:ffaa5c925128e29efbde7301d8ecaf35c8c60ffbcd6a1ffd3a552177c8e5e796"},
    {file = "cffi-1.15.0-cp39-cp39-manylinux_2_17_ppc64le.manylinux2014_ppc64le.whl", hash = "sha256:3f7d084648d77af029acb79a0ff49a0ad7e9d09057a9bf46596dac9514dc07df"},
    {file = "cffi-1.15.0-cp39-cp39-manylinux_2_17_s390x.manylinux2014_s390x.whl", hash = "sha256:ef1f279350da2c586a69d32fc8733092fd32cc8ac95139a00377841f59a3f8d8"},
    {file = "cffi-1.15.0-cp39-cp39-win32.whl", hash = "sha256:2a23af14f408d53d5e6cd4e3d9a24ff9e05906ad574822a10563efcef137979a"},
    {file = "cffi-1.15.0-cp39-cp39-win_amd64.whl", hash = "sha256:3773c4d81e6e818df2efbc7dd77325ca0dcb688116050fb2b3011218eda36139"},
    {file = "cffi-1.15.0.tar.gz", hash = "sha256:920f0d66a896c2d99f0adbb391f990a84091179542c205fa53ce5787aff87954"},
]
click = [
    {file = "click-8.0.3-py3-none-any.whl", hash = "sha256:353f466495adaeb40b6b5f592f9f91cb22372351c84caeb068132442a4518ef3"},
    {file = "click-8.0.3.tar.gz", hash = "sha256:410e932b050f5eed773c4cda94de75971c89cdb3155a72a0831139a79e5ecb5b"},
]
cmarkgfm = [
    {file = "cmarkgfm-0.7.0-cp310-cp310-macosx_10_9_x86_64.whl", hash = "sha256:18f38a8573db11a5f2cfc9cb4c1d27117fdfa693523f77136c6e1eddd000843c"},
    {file = "cmarkgfm-0.7.0-cp310-cp310-macosx_11_0_arm64.whl", hash = "sha256:bd3ff0fcb0fe14e812c236f4584f09b6f9a38b86362be5dd4b3c2db7b93d1fff"},
    {file = "cmarkgfm-0.7.0-cp310-cp310-manylinux_2_17_aarch64.manylinux2014_aarch64.whl", hash = "sha256:d5239087c56fad5f6deb0f60e15f95d4dc86f41ca658fc4ece28e654d5f04eda"},
    {file = "cmarkgfm-0.7.0-cp310-cp310-manylinux_2_17_x86_64.manylinux2014_x86_64.whl", hash = "sha256:8ec3628dfbf05164e32abbdfbefd0f563d7c141ad93c5d615d6f166fd9d7ea5e"},
    {file = "cmarkgfm-0.7.0-cp310-cp310-manylinux_2_5_i686.manylinux1_i686.manylinux_2_17_i686.manylinux2014_i686.whl", hash = "sha256:b2146373874bb3b555d5a14ff37311d3acb9b4e7bdf17e8335dbcad8bb5c1d7b"},
    {file = "cmarkgfm-0.7.0-cp310-cp310-musllinux_1_1_aarch64.whl", hash = "sha256:94fa8bddf28855e83296787fed31c665337f0f2fe014475b0f4617b9008db6f8"},
    {file = "cmarkgfm-0.7.0-cp310-cp310-musllinux_1_1_i686.whl", hash = "sha256:18d6c4d614d25b8f3cef27ed568a89b2863f4613e5bdbaa8333775d205fd3701"},
    {file = "cmarkgfm-0.7.0-cp310-cp310-musllinux_1_1_x86_64.whl", hash = "sha256:0ec6c7966a3479b44697ca526f6fe5fbed6eb395b056126666ded24653177e8e"},
    {file = "cmarkgfm-0.7.0-cp310-cp310-win32.whl", hash = "sha256:dbcb63ba4907ab5348c89c1b4d6ecff1d8201860f5c1e64a851c5ed591d26298"},
    {file = "cmarkgfm-0.7.0-cp310-cp310-win_amd64.whl", hash = "sha256:f847c10882e81805244266e4765208f7c5d046398fec1535156e9ac543876ab2"},
    {file = "cmarkgfm-0.7.0-cp36-cp36m-macosx_10_9_x86_64.whl", hash = "sha256:a076647cdefdfe1e2de0fdc54e1aa37bce6eafddbf3e97d046895b2ce950feaf"},
    {file = "cmarkgfm-0.7.0-cp36-cp36m-manylinux_2_17_aarch64.manylinux2014_aarch64.whl", hash = "sha256:b0f2800048b69e8d412c5b03a986b98667b6b49d3dca5ab7d5ad14ba1d50b9f7"},
    {file = "cmarkgfm-0.7.0-cp36-cp36m-manylinux_2_17_x86_64.manylinux2014_x86_64.whl", hash = "sha256:4b27e42952be0a92f0c04e8f6c74a3e3edb551da28a1912e1b761f249fd2ae72"},
    {file = "cmarkgfm-0.7.0-cp36-cp36m-manylinux_2_5_i686.manylinux1_i686.manylinux_2_17_i686.manylinux2014_i686.whl", hash = "sha256:9439090e36e69ca2e28509e4dc15c694539f76f2620beb8f13cc70f8d5e5e257"},
    {file = "cmarkgfm-0.7.0-cp36-cp36m-musllinux_1_1_aarch64.whl", hash = "sha256:2d0c8dea7c4c09a6ed96afcc00109a9ca87c8ae68824f21eb00ddf2c6ec6095e"},
    {file = "cmarkgfm-0.7.0-cp36-cp36m-musllinux_1_1_i686.whl", hash = "sha256:e8d76c974929626d51c366cde96685678fc28f2278165ba499bead755f773e8e"},
    {file = "cmarkgfm-0.7.0-cp36-cp36m-musllinux_1_1_x86_64.whl", hash = "sha256:bc28d48cc26ff10fee1d7c5c58f85bb451616121e7d98b24c8a47ab3f13441d7"},
    {file = "cmarkgfm-0.7.0-cp36-cp36m-win32.whl", hash = "sha256:031cc207e0f10a0d7f9f4987ca3667c0a737cd537885785c77d34ed1bab6d456"},
    {file = "cmarkgfm-0.7.0-cp36-cp36m-win_amd64.whl", hash = "sha256:bf931e3b992e538da34a557226b006e155a5f689dbada39cce00b7b2108871de"},
    {file = "cmarkgfm-0.7.0-cp37-cp37m-macosx_10_9_x86_64.whl", hash = "sha256:b64f1ed028489d0ba8e596a7858effc9616d845eade2a324c5f5282c7984d8dc"},
    {file = "cmarkgfm-0.7.0-cp37-cp37m-manylinux_2_17_aarch64.manylinux2014_aarch64.whl", hash = "sha256:cc7f9070d32cf64d134853a73d6ec2a3617a8a9808f088909906c0299e2da9fb"},
    {file = "cmarkgfm-0.7.0-cp37-cp37m-manylinux_2_17_x86_64.manylinux2014_x86_64.whl", hash = "sha256:4728608b3d1d0a17645e7179b86c8ed7e31273d697ca697abe4a4c72721fd4b8"},
    {file = "cmarkgfm-0.7.0-cp37-cp37m-manylinux_2_5_i686.manylinux1_i686.manylinux_2_17_i686.manylinux2014_i686.whl", hash = "sha256:ffb21593db6b4f73338d133a9822557369cf1c415ef209a755340b2ed4ab13cd"},
    {file = "cmarkgfm-0.7.0-cp37-cp37m-musllinux_1_1_aarch64.whl", hash = "sha256:baa168a440b02a2c508bb0c105ca1618ec792c5b432977a782e12ccb7b737123"},
    {file = "cmarkgfm-0.7.0-cp37-cp37m-musllinux_1_1_i686.whl", hash = "sha256:bc989ce288ff6700a10d52580849de18c5fac3d9e3a7a9f981b86c2c5a44c5dd"},
    {file = "cmarkgfm-0.7.0-cp37-cp37m-musllinux_1_1_x86_64.whl", hash = "sha256:73622910b3c8a2b38dc2a0d7aedb5f75a08cd3a31e9a974765036d5447b34237"},
    {file = "cmarkgfm-0.7.0-cp37-cp37m-win32.whl", hash = "sha256:28e4ad8676ff913fe2c543bd3c8f2b284ff2c799a0729963ff6fc3fcc3bef3b3"},
    {file = "cmarkgfm-0.7.0-cp37-cp37m-win_amd64.whl", hash = "sha256:1956c0c2f33945c6704b0698ef98577ea9c090a7861ec6568c221054d477caf1"},
    {file = "cmarkgfm-0.7.0-cp38-cp38-macosx_10_9_x86_64.whl", hash = "sha256:078e36a91860caeaab72517a37e90f5b7ddeb8ffb37d07916f7bac2d04a59819"},
    {file = "cmarkgfm-0.7.0-cp38-cp38-macosx_11_0_arm64.whl", hash = "sha256:03940e388dfa89b58139d66922a60b271cefc7d03a66ff8a717eed3c0c8a5208"},
    {file = "cmarkgfm-0.7.0-cp38-cp38-manylinux_2_17_aarch64.manylinux2014_aarch64.whl", hash = "sha256:e0d04a773d65b0ee8a177ab9f7679a13a415958a6b2cb2345aa4ebcefdea0f4d"},
    {file = "cmarkgfm-0.7.0-cp38-cp38-manylinux_2_17_x86_64.manylinux2014_x86_64.whl", hash = "sha256:f7647d3977ce085da41868b5212f8fdefb428b4e0b192dbb0bbfb69ec535cd9b"},
    {file = "cmarkgfm-0.7.0-cp38-cp38-manylinux_2_5_i686.manylinux1_i686.manylinux_2_17_i686.manylinux2014_i686.whl", hash = "sha256:66bbde4ec77e9f11d71228b391423c8957633374777a44723e512aa81e70da40"},
    {file = "cmarkgfm-0.7.0-cp38-cp38-musllinux_1_1_aarch64.whl", hash = "sha256:c6cbe6652afe85eab4f6633d6ff4e766baa32720d354cbe03dae19f9e7b3e150"},
    {file = "cmarkgfm-0.7.0-cp38-cp38-musllinux_1_1_i686.whl", hash = "sha256:560e3837e21ac815b939fa58905d81fc3ef6554d926a250e40d2a9aedff27d90"},
    {file = "cmarkgfm-0.7.0-cp38-cp38-musllinux_1_1_x86_64.whl", hash = "sha256:a8894a788ebd9176b4c3e89a37a039dc475ed1225ed648824537124f8aaa924a"},
    {file = "cmarkgfm-0.7.0-cp38-cp38-win32.whl", hash = "sha256:cc053b3364f8359a480a9f0b6f1174d32aae1db4677ac31c961f0fb3debb474a"},
    {file = "cmarkgfm-0.7.0-cp38-cp38-win_amd64.whl", hash = "sha256:bc6dcd8149518e3eb54bd1f1782791292008d4d6d0acd0d2454ca08d7d346e27"},
    {file = "cmarkgfm-0.7.0-cp39-cp39-macosx_10_9_x86_64.whl", hash = "sha256:3eeb5cbe306e703a508b9ba3e4d61d3305d15394e0c751b65a0840509dd2ae06"},
    {file = "cmarkgfm-0.7.0-cp39-cp39-macosx_11_0_arm64.whl", hash = "sha256:1bc53f4da1b53f9b68a88bcc5353fd0241fe02226e86c0fe62cd3d02eab057d1"},
    {file = "cmarkgfm-0.7.0-cp39-cp39-manylinux_2_17_aarch64.manylinux2014_aarch64.whl", hash = "sha256:08cabc05369ec41b37e4693b16daaaf40fe54db596b261a6c84657fc7c4d2815"},
    {file = "cmarkgfm-0.7.0-cp39-cp39-manylinux_2_17_x86_64.manylinux2014_x86_64.whl", hash = "sha256:f072b311e11a5a294ca352810d8bc6b11743954bc74ecddef55258a1c942d09a"},
    {file = "cmarkgfm-0.7.0-cp39-cp39-manylinux_2_5_i686.manylinux1_i686.manylinux_2_17_i686.manylinux2014_i686.whl", hash = "sha256:ee9df63161b0ea28553608b2a76e0e8083f9f981c7d42fad5c035fd7c6f04f44"},
    {file = "cmarkgfm-0.7.0-cp39-cp39-musllinux_1_1_aarch64.whl", hash = "sha256:17fb55e71323501b0e08c33e9d320563e04885dd340bebe4f3ab5f448ceec369"},
    {file = "cmarkgfm-0.7.0-cp39-cp39-musllinux_1_1_i686.whl", hash = "sha256:36f35a291975aa8fd5fadd156f64de3cea6e39d8b4c728ca4278d07257192b55"},
    {file = "cmarkgfm-0.7.0-cp39-cp39-musllinux_1_1_x86_64.whl", hash = "sha256:b3b1aa1f5744d04eb6b3da581a0d9e7ca2387ff7b191568c7d07040a54855b42"},
    {file = "cmarkgfm-0.7.0-cp39-cp39-win32.whl", hash = "sha256:10e5bc8f9528f7f4fdb22940f50a45dbf2467fa53034b9c51a3d484f96b0b61b"},
    {file = "cmarkgfm-0.7.0-cp39-cp39-win_amd64.whl", hash = "sha256:d360384b4f749c9ac0350db93f77b3df2f264b7fdee3096811b686526d000e9c"},
    {file = "cmarkgfm-0.7.0.tar.gz", hash = "sha256:a65c152f9da8bf82714f19c287fe0968ee8e7f899e8d94503d73d0fe57229c19"},
]
colorama = [
    {file = "colorama-0.4.4-py2.py3-none-any.whl", hash = "sha256:9f47eda37229f68eee03b24b9748937c7dc3868f906e8ba69fbcbdd3bc5dc3e2"},
    {file = "colorama-0.4.4.tar.gz", hash = "sha256:5941b2b48a20143d2267e95b1c2a7603ce057ee39fd88e7329b0c292aa16869b"},
]
lxml = [
    {file = "lxml-4.7.1-cp27-cp27m-macosx_10_14_x86_64.whl", hash = "sha256:d546431636edb1d6a608b348dd58cc9841b81f4116745857b6cb9f8dadb2725f"},
    {file = "lxml-4.7.1-cp27-cp27m-manylinux_2_5_i686.manylinux1_i686.whl", hash = "sha256:6308062534323f0d3edb4e702a0e26a76ca9e0e23ff99be5d82750772df32a9e"},
    {file = "lxml-4.7.1-cp27-cp27m-manylinux_2_5_x86_64.manylinux1_x86_64.whl", hash = "sha256:f76dbe44e31abf516114f6347a46fa4e7c2e8bceaa4b6f7ee3a0a03c8eba3c17"},
    {file = "lxml-4.7.1-cp27-cp27m-win32.whl", hash = "sha256:d5618d49de6ba63fe4510bdada62d06a8acfca0b4b5c904956c777d28382b419"},
    {file = "lxml-4.7.1-cp27-cp27m-win_amd64.whl", hash = "sha256:9393a05b126a7e187f3e38758255e0edf948a65b22c377414002d488221fdaa2"},
    {file = "lxml-4.7.1-cp27-cp27mu-manylinux_2_5_i686.manylinux1_i686.whl", hash = "sha256:50d3dba341f1e583265c1a808e897b4159208d814ab07530202b6036a4d86da5"},
    {file = "lxml-4.7.1-cp27-cp27mu-manylinux_2_5_x86_64.manylinux1_x86_64.whl", hash = "sha256:44f552e0da3c8ee3c28e2eb82b0b784200631687fc6a71277ea8ab0828780e7d"},
    {file = "lxml-4.7.1-cp310-cp310-macosx_10_14_x86_64.whl", hash = "sha256:e662c6266e3a275bdcb6bb049edc7cd77d0b0f7e119a53101d367c841afc66dc"},
    {file = "lxml-4.7.1-cp310-cp310-manylinux_2_12_i686.manylinux2010_i686.manylinux_2_24_i686.whl", hash = "sha256:4c093c571bc3da9ebcd484e001ba18b8452903cd428c0bc926d9b0141bcb710e"},
    {file = "lxml-4.7.1-cp310-cp310-manylinux_2_17_aarch64.manylinux2014_aarch64.manylinux_2_24_aarch64.whl", hash = "sha256:3e26ad9bc48d610bf6cc76c506b9e5ad9360ed7a945d9be3b5b2c8535a0145e3"},
    {file = "lxml-4.7.1-cp310-cp310-manylinux_2_17_x86_64.manylinux2014_x86_64.manylinux_2_24_x86_64.whl", hash = "sha256:a5f623aeaa24f71fce3177d7fee875371345eb9102b355b882243e33e04b7175"},
    {file = "lxml-4.7.1-cp310-cp310-musllinux_1_1_x86_64.whl", hash = "sha256:7b5e2acefd33c259c4a2e157119c4373c8773cf6793e225006a1649672ab47a6"},
    {file = "lxml-4.7.1-cp310-cp310-win32.whl", hash = "sha256:67fa5f028e8a01e1d7944a9fb616d1d0510d5d38b0c41708310bd1bc45ae89f6"},
    {file = "lxml-4.7.1-cp310-cp310-win_amd64.whl", hash = "sha256:b1d381f58fcc3e63fcc0ea4f0a38335163883267f77e4c6e22d7a30877218a0e"},
    {file = "lxml-4.7.1-cp35-cp35m-manylinux_2_5_i686.manylinux1_i686.whl", hash = "sha256:38d9759733aa04fb1697d717bfabbedb21398046bd07734be7cccc3d19ea8675"},
    {file = "lxml-4.7.1-cp35-cp35m-manylinux_2_5_x86_64.manylinux1_x86_64.whl", hash = "sha256:dfd0d464f3d86a1460683cd742306d1138b4e99b79094f4e07e1ca85ee267fe7"},
    {file = "lxml-4.7.1-cp35-cp35m-win32.whl", hash = "sha256:534e946bce61fd162af02bad7bfd2daec1521b71d27238869c23a672146c34a5"},
    {file = "lxml-4.7.1-cp35-cp35m-win_amd64.whl", hash = "sha256:6ec829058785d028f467be70cd195cd0aaf1a763e4d09822584ede8c9eaa4b03"},
    {file = "lxml-4.7.1-cp36-cp36m-macosx_10_14_x86_64.whl", hash = "sha256:ade74f5e3a0fd17df5782896ddca7ddb998845a5f7cd4b0be771e1ffc3b9aa5b"},
    {file = "lxml-4.7.1-cp36-cp36m-manylinux_2_12_i686.manylinux2010_i686.manylinux_2_24_i686.whl", hash = "sha256:41358bfd24425c1673f184d7c26c6ae91943fe51dfecc3603b5e08187b4bcc55"},
    {file = "lxml-4.7.1-cp36-cp36m-manylinux_2_17_x86_64.manylinux2014_x86_64.manylinux_2_24_x86_64.whl", hash = "sha256:6e56521538f19c4a6690f439fefed551f0b296bd785adc67c1777c348beb943d"},
    {file = "lxml-4.7.1-cp36-cp36m-manylinux_2_5_i686.manylinux1_i686.whl", hash = "sha256:5b0f782f0e03555c55e37d93d7a57454efe7495dab33ba0ccd2dbe25fc50f05d"},
    {file = "lxml-4.7.1-cp36-cp36m-manylinux_2_5_x86_64.manylinux1_x86_64.whl", hash = "sha256:490712b91c65988012e866c411a40cc65b595929ececf75eeb4c79fcc3bc80a6"},
    {file = "lxml-4.7.1-cp36-cp36m-musllinux_1_1_x86_64.whl", hash = "sha256:34c22eb8c819d59cec4444d9eebe2e38b95d3dcdafe08965853f8799fd71161d"},
    {file = "lxml-4.7.1-cp36-cp36m-win32.whl", hash = "sha256:2a906c3890da6a63224d551c2967413b8790a6357a80bf6b257c9a7978c2c42d"},
    {file = "lxml-4.7.1-cp36-cp36m-win_amd64.whl", hash = "sha256:36b16fecb10246e599f178dd74f313cbdc9f41c56e77d52100d1361eed24f51a"},
    {file = "lxml-4.7.1-cp37-cp37m-macosx_10_14_x86_64.whl", hash = "sha256:a5edc58d631170de90e50adc2cc0248083541affef82f8cd93bea458e4d96db8"},
    {file = "lxml-4.7.1-cp37-cp37m-manylinux_2_12_i686.manylinux2010_i686.manylinux_2_24_i686.whl", hash = "sha256:87c1b0496e8c87ec9db5383e30042357b4839b46c2d556abd49ec770ce2ad868"},
    {file = "lxml-4.7.1-cp37-cp37m-manylinux_2_17_aarch64.manylinux2014_aarch64.manylinux_2_24_aarch64.whl", hash = "sha256:0a5f0e4747f31cff87d1eb32a6000bde1e603107f632ef4666be0dc065889c7a"},
    {file = "lxml-4.7.1-cp37-cp37m-manylinux_2_17_x86_64.manylinux2014_x86_64.manylinux_2_24_x86_64.whl", hash = "sha256:bf6005708fc2e2c89a083f258b97709559a95f9a7a03e59f805dd23c93bc3986"},
    {file = "lxml-4.7.1-cp37-cp37m-manylinux_2_5_i686.manylinux1_i686.whl", hash = "sha256:fc15874816b9320581133ddc2096b644582ab870cf6a6ed63684433e7af4b0d3"},
    {file = "lxml-4.7.1-cp37-cp37m-manylinux_2_5_x86_64.manylinux1_x86_64.whl", hash = "sha256:0b5e96e25e70917b28a5391c2ed3ffc6156513d3db0e1476c5253fcd50f7a944"},
    {file = "lxml-4.7.1-cp37-cp37m-musllinux_1_1_x86_64.whl", hash = "sha256:ec9027d0beb785a35aa9951d14e06d48cfbf876d8ff67519403a2522b181943b"},
    {file = "lxml-4.7.1-cp37-cp37m-win32.whl", hash = "sha256:9fbc0dee7ff5f15c4428775e6fa3ed20003140560ffa22b88326669d53b3c0f4"},
    {file = "lxml-4.7.1-cp37-cp37m-win_amd64.whl", hash = "sha256:1104a8d47967a414a436007c52f533e933e5d52574cab407b1e49a4e9b5ddbd1"},
    {file = "lxml-4.7.1-cp38-cp38-macosx_10_14_x86_64.whl", hash = "sha256:fc9fb11b65e7bc49f7f75aaba1b700f7181d95d4e151cf2f24d51bfd14410b77"},
    {file = "lxml-4.7.1-cp38-cp38-manylinux_2_12_i686.manylinux2010_i686.manylinux_2_24_i686.whl", hash = "sha256:317bd63870b4d875af3c1be1b19202de34c32623609ec803b81c99193a788c1e"},
    {file = "lxml-4.7.1-cp38-cp38-manylinux_2_17_aarch64.manylinux2014_aarch64.manylinux_2_24_aarch64.whl", hash = "sha256:610807cea990fd545b1559466971649e69302c8a9472cefe1d6d48a1dee97440"},
    {file = "lxml-4.7.1-cp38-cp38-manylinux_2_17_x86_64.manylinux2014_x86_64.manylinux_2_24_x86_64.whl", hash = "sha256:09b738360af8cb2da275998a8bf79517a71225b0de41ab47339c2beebfff025f"},
    {file = "lxml-4.7.1-cp38-cp38-manylinux_2_5_i686.manylinux1_i686.whl", hash = "sha256:6a2ab9d089324d77bb81745b01f4aeffe4094306d939e92ba5e71e9a6b99b71e"},
    {file = "lxml-4.7.1-cp38-cp38-manylinux_2_5_x86_64.manylinux1_x86_64.whl", hash = "sha256:eed394099a7792834f0cb4a8f615319152b9d801444c1c9e1b1a2c36d2239f9e"},
    {file = "lxml-4.7.1-cp38-cp38-musllinux_1_1_x86_64.whl", hash = "sha256:735e3b4ce9c0616e85f302f109bdc6e425ba1670a73f962c9f6b98a6d51b77c9"},
    {file = "lxml-4.7.1-cp38-cp38-win32.whl", hash = "sha256:772057fba283c095db8c8ecde4634717a35c47061d24f889468dc67190327bcd"},
    {file = "lxml-4.7.1-cp38-cp38-win_amd64.whl", hash = "sha256:13dbb5c7e8f3b6a2cf6e10b0948cacb2f4c9eb05029fe31c60592d08ac63180d"},
    {file = "lxml-4.7.1-cp39-cp39-macosx_10_14_x86_64.whl", hash = "sha256:718d7208b9c2d86aaf0294d9381a6acb0158b5ff0f3515902751404e318e02c9"},
    {file = "lxml-4.7.1-cp39-cp39-manylinux_2_12_i686.manylinux2010_i686.manylinux_2_24_i686.whl", hash = "sha256:5bee1b0cbfdb87686a7fb0e46f1d8bd34d52d6932c0723a86de1cc532b1aa489"},
    {file = "lxml-4.7.1-cp39-cp39-manylinux_2_17_aarch64.manylinux2014_aarch64.manylinux_2_24_aarch64.whl", hash = "sha256:e410cf3a2272d0a85526d700782a2fa92c1e304fdcc519ba74ac80b8297adf36"},
    {file = "lxml-4.7.1-cp39-cp39-manylinux_2_17_x86_64.manylinux2014_x86_64.manylinux_2_24_x86_64.whl", hash = "sha256:585ea241ee4961dc18a95e2f5581dbc26285fcf330e007459688096f76be8c42"},
    {file = "lxml-4.7.1-cp39-cp39-manylinux_2_5_i686.manylinux1_i686.whl", hash = "sha256:a555e06566c6dc167fbcd0ad507ff05fd9328502aefc963cb0a0547cfe7f00db"},
    {file = "lxml-4.7.1-cp39-cp39-manylinux_2_5_x86_64.manylinux1_x86_64.whl", hash = "sha256:adaab25be351fff0d8a691c4f09153647804d09a87a4e4ea2c3f9fe9e8651851"},
    {file = "lxml-4.7.1-cp39-cp39-musllinux_1_1_x86_64.whl", hash = "sha256:82d16a64236970cb93c8d63ad18c5b9f138a704331e4b916b2737ddfad14e0c4"},
    {file = "lxml-4.7.1-cp39-cp39-win32.whl", hash = "sha256:59e7da839a1238807226f7143c68a479dee09244d1b3cf8c134f2fce777d12d0"},
    {file = "lxml-4.7.1-cp39-cp39-win_amd64.whl", hash = "sha256:a1bbc4efa99ed1310b5009ce7f3a1784698082ed2c1ef3895332f5df9b3b92c2"},
    {file = "lxml-4.7.1-pp37-pypy37_pp73-macosx_10_14_x86_64.whl", hash = "sha256:0607ff0988ad7e173e5ddf7bf55ee65534bd18a5461183c33e8e41a59e89edf4"},
    {file = "lxml-4.7.1-pp37-pypy37_pp73-manylinux_2_12_i686.manylinux2010_i686.manylinux_2_24_i686.whl", hash = "sha256:6c198bfc169419c09b85ab10cb0f572744e686f40d1e7f4ed09061284fc1303f"},
    {file = "lxml-4.7.1-pp37-pypy37_pp73-manylinux_2_17_x86_64.manylinux2014_x86_64.manylinux_2_24_x86_64.whl", hash = "sha256:a58d78653ae422df6837dd4ca0036610b8cb4962b5cfdbd337b7b24de9e5f98a"},
    {file = "lxml-4.7.1-pp38-pypy38_pp73-macosx_10_14_x86_64.whl", hash = "sha256:e18281a7d80d76b66a9f9e68a98cf7e1d153182772400d9a9ce855264d7d0ce7"},
    {file = "lxml-4.7.1-pp38-pypy38_pp73-manylinux_2_12_i686.manylinux2010_i686.manylinux_2_24_i686.whl", hash = "sha256:8e54945dd2eeb50925500957c7c579df3cd07c29db7810b83cf30495d79af267"},
    {file = "lxml-4.7.1-pp38-pypy38_pp73-manylinux_2_17_x86_64.manylinux2014_x86_64.manylinux_2_24_x86_64.whl", hash = "sha256:447d5009d6b5447b2f237395d0018901dcc673f7d9f82ba26c1b9f9c3b444b60"},
    {file = "lxml-4.7.1.tar.gz", hash = "sha256:a1613838aa6b89af4ba10a0f3a972836128801ed008078f8c1244e65958f1b24"},
]
mypy-extensions = [
    {file = "mypy_extensions-0.4.3-py2.py3-none-any.whl", hash = "sha256:090fedd75945a69ae91ce1303b5824f428daf5a028d2f6ab8a299250a846f15d"},
    {file = "mypy_extensions-0.4.3.tar.gz", hash = "sha256:2d82818f5bb3e369420cb3c4060a7970edba416647068eb4c5343488a6c604a8"},
]
pathspec = [
    {file = "pathspec-0.9.0-py2.py3-none-any.whl", hash = "sha256:7d15c4ddb0b5c802d161efc417ec1a2558ea2653c2e8ad9c19098201dc1c993a"},
    {file = "pathspec-0.9.0.tar.gz", hash = "sha256:e564499435a2673d586f6b2130bb5b95f04a3ba06f81b8f895b651a3c76aabb1"},
]
platformdirs = [
    {file = "platformdirs-2.4.1-py3-none-any.whl", hash = "sha256:1d7385c7db91728b83efd0ca99a5afb296cab9d0ed8313a45ed8ba17967ecfca"},
    {file = "platformdirs-2.4.1.tar.gz", hash = "sha256:440633ddfebcc36264232365d7840a970e75e1018d15b4327d11f91909045fda"},
]
pycparser = [
    {file = "pycparser-2.21-py2.py3-none-any.whl", hash = "sha256:8ee45429555515e1f6b185e78100aea234072576aa43ab53aefcae078162fca9"},
    {file = "pycparser-2.21.tar.gz", hash = "sha256:e644fdec12f7872f86c58ff790da456218b10f863970249516d60a5eaca77206"},
]
tomli = [
    {file = "tomli-2.0.0-py3-none-any.whl", hash = "sha256:b5bde28da1fed24b9bd1d4d2b8cba62300bfb4ec9a6187a957e8ddb9434c5224"},
    {file = "tomli-2.0.0.tar.gz", hash = "sha256:c292c34f58502a1eb2bbb9f5bbc9a5ebc37bee10ffb8c2d6bbdfa8eb13cc14e1"},
]
unicodedata2 = [
    {file = "unicodedata2-14.0.0-cp310-cp310-macosx_10_9_universal2.whl", hash = "sha256:a365385ff893e4c57bd48191610b0c5ed61d2eebd093eaeb7cd87231cae2d30c"},
    {file = "unicodedata2-14.0.0-cp310-cp310-macosx_10_9_x86_64.whl", hash = "sha256:458ba1a48091b1686dc8b21836dd113c4aa403513fffbb0a72316f94fd991387"},
    {file = "unicodedata2-14.0.0-cp310-cp310-manylinux_2_17_aarch64.manylinux2014_aarch64.whl", hash = "sha256:46cb228b47e8f03771fa0c6a0f8575a1a31d403c4945db5b1b53c7c739edd8f2"},
    {file = "unicodedata2-14.0.0-cp310-cp310-manylinux_2_17_x86_64.manylinux2014_x86_64.whl", hash = "sha256:936aac9167eab15ac36638cbc46dbc424d318d339e6b75c5e3324cb213f55b94"},
    {file = "unicodedata2-14.0.0-cp310-cp310-musllinux_1_1_aarch64.whl", hash = "sha256:219bd9602ff118ff1e58ff4b36ae3c3066b125fb2de33abd37c75b6f5e9166c8"},
    {file = "unicodedata2-14.0.0-cp310-cp310-musllinux_1_1_x86_64.whl", hash = "sha256:5908e4edeab9b72a7c0b3de13e74bd1cea506226d19a6da78bc95afeedafd08f"},
    {file = "unicodedata2-14.0.0-cp310-cp310-win32.whl", hash = "sha256:883ad606c2fc5a1b3c28a6985395c0d84335217fe42e7166137c2320af1ff8b7"},
    {file = "unicodedata2-14.0.0-cp310-cp310-win_amd64.whl", hash = "sha256:7fbd9095c0f0176b1bfa8910514ca6262af8ef3cde3effc9827f332e0dec2341"},
    {file = "unicodedata2-14.0.0-cp36-cp36m-macosx_10_9_x86_64.whl", hash = "sha256:6163b9b8ae086d924efe2703ddcea43422a357200a5e6fdeb3862c87e20b615d"},
    {file = "unicodedata2-14.0.0-cp36-cp36m-manylinux_2_17_x86_64.manylinux2014_x86_64.whl", hash = "sha256:49b1da2a697eeadb7b56bef9b557029458ec21a1573318302d261895a5a70690"},
    {file = "unicodedata2-14.0.0-cp36-cp36m-musllinux_1_1_x86_64.whl", hash = "sha256:7bce60788dbc4591e1572d948ebaab2c92946f02cc1caada563e688e819605cf"},
    {file = "unicodedata2-14.0.0-cp36-cp36m-win32.whl", hash = "sha256:9320fdc4a23a8dbc540257a8b507ed3d78ca593ccd7b0f9a87ce94e4f40f0afc"},
    {file = "unicodedata2-14.0.0-cp36-cp36m-win_amd64.whl", hash = "sha256:49a8f7da7bb1294e5b7e178662f5eb44e883fd2799a1a785a523e3972d7a2c61"},
    {file = "unicodedata2-14.0.0-cp37-cp37m-macosx_10_9_x86_64.whl", hash = "sha256:f0e7f31d9230d428804fac4fe294229eaa5d1f0a95a0c9e725710736876c9cb6"},
    {file = "unicodedata2-14.0.0-cp37-cp37m-manylinux_2_17_aarch64.manylinux2014_aarch64.whl", hash = "sha256:c980d7f010e1d2854fcdb74067fa55956965acd785474c3ceb067d8ebda83d1f"},
    {file = "unicodedata2-14.0.0-cp37-cp37m-manylinux_2_17_x86_64.manylinux2014_x86_64.whl", hash = "sha256:44570739ce4f5ec9875ce32965653452302f2d706fd52c0a299726a31711009e"},
    {file = "unicodedata2-14.0.0-cp37-cp37m-musllinux_1_1_aarch64.whl", hash = "sha256:0082d81895ed0958e1ad143f1ff991287b56ee6adf0e12b3f3358d49abd30165"},
    {file = "unicodedata2-14.0.0-cp37-cp37m-musllinux_1_1_x86_64.whl", hash = "sha256:a0c0b0a16613d2d2cfb4eccd5245d552064fa74ce774b1200c892ed598ad91cb"},
    {file = "unicodedata2-14.0.0-cp37-cp37m-win32.whl", hash = "sha256:0e699418bcc4adea1a694e2b2018134495a86e62c69215587224d0a882ae143a"},
    {file = "unicodedata2-14.0.0-cp37-cp37m-win_amd64.whl", hash = "sha256:fa0737a30db9f4d555817a4115d63e2875af605ec8932632b2338e9cbe59f3e2"},
    {file = "unicodedata2-14.0.0-cp38-cp38-macosx_10_9_universal2.whl", hash = "sha256:a394ae138bd610080729144dde284872607c4d0a57e2c6eaa7ed69b762faa7ff"},
    {file = "unicodedata2-14.0.0-cp38-cp38-macosx_10_9_x86_64.whl", hash = "sha256:e33b187e6b0095f97aefd1b8035e3b21d100e0a1a66de474caceaec1014e9429"},
    {file = "unicodedata2-14.0.0-cp38-cp38-manylinux_2_17_aarch64.manylinux2014_aarch64.whl", hash = "sha256:8582f50d6b957ee3110cb1af2b5faed0774d0b2d19940930de5f2bac1e4cfd4a"},
    {file = "unicodedata2-14.0.0-cp38-cp38-manylinux_2_17_x86_64.manylinux2014_x86_64.whl", hash = "sha256:bd1c7ea731bb3e1c6a413d55920d8806bb819a990971e57c99409988ee057f9d"},
    {file = "unicodedata2-14.0.0-cp38-cp38-musllinux_1_1_aarch64.whl", hash = "sha256:63fc0a6ffb215df1785623ec14f20f95ee25eb394b203e88b268ea226d107c92"},
    {file = "unicodedata2-14.0.0-cp38-cp38-musllinux_1_1_x86_64.whl", hash = "sha256:734d6310035e86610055afbef502f231ccb1bad6f86c4ef6cbc930647acc8948"},
    {file = "unicodedata2-14.0.0-cp38-cp38-win32.whl", hash = "sha256:ffcb0bcf809ce83c4ec1707145acd0d3eeedbdb890a67cf1dd3be9969f019ad1"},
    {file = "unicodedata2-14.0.0-cp38-cp38-win_amd64.whl", hash = "sha256:e57d842c6f1f723e650ac0f62e6ee4626b6db066b20a8f1cf0e73d65d1f5e92b"},
    {file = "unicodedata2-14.0.0-cp39-cp39-macosx_10_9_universal2.whl", hash = "sha256:d3b6ec3ce20bdda1de2215c6c84d12f7332ab1b9a57209e20967b5ab10003f13"},
    {file = "unicodedata2-14.0.0-cp39-cp39-macosx_10_9_x86_64.whl", hash = "sha256:902393fb98707ecf408f1e2c00eb2c65818dc4ba2182ae55fef93da9fa700027"},
    {file = "unicodedata2-14.0.0-cp39-cp39-manylinux_2_17_aarch64.manylinux2014_aarch64.whl", hash = "sha256:071d8a3cfc5a3d95261beb1f102d87ca6901f32f3869861e2d2842f543555819"},
    {file = "unicodedata2-14.0.0-cp39-cp39-manylinux_2_17_x86_64.manylinux2014_x86_64.whl", hash = "sha256:6c9f43cda63a2c84fa5c37706d88881064ea1297ff89d02b14ff05c3923c287e"},
    {file = "unicodedata2-14.0.0-cp39-cp39-musllinux_1_1_aarch64.whl", hash = "sha256:81d636fcf73addb84c4ecf14caa03c119d992eb30cf86eb9ad1521c0f5a683b0"},
    {file = "unicodedata2-14.0.0-cp39-cp39-musllinux_1_1_x86_64.whl", hash = "sha256:2c61940a9f80e061ef0507525c654fcd86bb2bab3202fc509192521c6939cc66"},
    {file = "unicodedata2-14.0.0-cp39-cp39-win32.whl", hash = "sha256:799ab23c72bc7d5331a905693e7ffdf11ce24a463143df98716eee0703012e83"},
    {file = "unicodedata2-14.0.0-cp39-cp39-win_amd64.whl", hash = "sha256:a171d62530a4ef85f75ceb52988a3256ebeac4ddc4dd0ea169b9e879f0def761"},
    {file = "unicodedata2-14.0.0-pp37-pypy37_pp73-macosx_10_9_x86_64.whl", hash = "sha256:61765843c705c1aed7bcd2e12b9e4f12c2c585ae82f027a82ab7e75a7da5ef2a"},
    {file = "unicodedata2-14.0.0-pp37-pypy37_pp73-manylinux_2_17_x86_64.manylinux2014_x86_64.whl", hash = "sha256:672555ef6fe52766caba6414c25fc60140e5521cfae34b3adcf72e596f9fa853"},
    {file = "unicodedata2-14.0.0-pp37-pypy37_pp73-win_amd64.whl", hash = "sha256:724ecd5c6c0c0f732d768bcdd55bd804181df65b4d09e1b1facbf3b63dc833a9"},
    {file = "unicodedata2-14.0.0-pp38-pypy38_pp73-macosx_10_9_x86_64.whl", hash = "sha256:a247ed510a1fd61ba4a6e0fa27de80d432c72dda565114dfa4ba4c5c59669608"},
    {file = "unicodedata2-14.0.0-pp38-pypy38_pp73-manylinux_2_17_x86_64.manylinux2014_x86_64.whl", hash = "sha256:81655eb0207974aec7d13729c8914182bc3bd1ad539cf52b42202bb928a99e25"},
    {file = "unicodedata2-14.0.0-pp38-pypy38_pp73-win_amd64.whl", hash = "sha256:c567f861fbf6d68a9bd34e957399f2ce69463b388f94c6de3daf2cf14d941f94"},
    {file = "unicodedata2-14.0.0.tar.gz", hash = "sha256:41f7df0043f4450e84203d907a56cdd2a0a0541a9eebbaba48576b01e0b61684"},
]
